
Microsoft Visual Studio Solution File, Format Version 12.00
# Visual Studio Version 17
VisualStudioVersion = 17.11.35327.3
MinimumVisualStudioVersion = 10.0.40219.1
Project("{FAE04EC0-301F-11D3-BF4B-00C04F79EFBC}") = "Stelic_Ionut_Marius_Lab1", "Stelic_Ionut_Marius_Lab1.csproj", "{161F15F9-098E-43BD-BE55-385829F9F51E}"
EndProject
Global
	GlobalSection(SolutionConfigurationPlatforms) = preSolution
		Debug|Any CPU = Debug|Any CPU
		Release|Any CPU = Release|Any CPU
	EndGlobalSection
	GlobalSection(ProjectConfigurationPlatforms) = postSolution
		{161F15F9-098E-43BD-BE55-385829F9F51E}.Debug|Any CPU.ActiveCfg = Debug|Any CPU
		{161F15F9-098E-43BD-BE55-385829F9F51E}.Debug|Any CPU.Build.0 = Debug|Any CPU
		{161F15F9-098E-43BD-BE55-385829F9F51E}.Release|Any CPU.ActiveCfg = Release|Any CPU
		{161F15F9-098E-43BD-BE55-385829F9F51E}.Release|Any CPU.Build.0 = Release|Any CPU
	EndGlobalSection
	GlobalSection(SolutionProperties) = preSolution
		HideSolutionNode = FALSE
	EndGlobalSection
	GlobalSection(ExtensibilityGlobals) = postSolution
		SolutionGuid = {7978B67C-B8D8-4594-BA9D-9984620BE989}
	EndGlobalSection
EndGlobal
